
Microsoft Visual Studio Solution File, Format Version 12.00
# Visual Studio Version 17
VisualStudioVersion = 17.4.33213.308
MinimumVisualStudioVersion = 10.0.40219.1
Project("{FAE04EC0-301F-11D3-BF4B-00C04F79EFBC}") = "AirlineManagementSystem", "AirlineManagementSystem\AirlineManagementSystem.csproj", "{D12BCF23-3616-4ECF-8BFE-C431F79F2539}"
EndProject
Global
	GlobalSection(SolutionConfigurationPlatforms) = preSolution
		Debug|Any CPU = Debug|Any CPU
		Release|Any CPU = Release|Any CPU
	EndGlobalSection
	GlobalSection(ProjectConfigurationPlatforms) = postSolution
		{D12BCF23-3616-4ECF-8BFE-C431F79F2539}.Debug|Any CPU.ActiveCfg = Debug|Any CPU
		{D12BCF23-3616-4ECF-8BFE-C431F79F2539}.Debug|Any CPU.Build.0 = Debug|Any CPU
		{D12BCF23-3616-4ECF-8BFE-C431F79F2539}.Release|Any CPU.ActiveCfg = Release|Any CPU
		{D12BCF23-3616-4ECF-8BFE-C431F79F2539}.Release|Any CPU.Build.0 = Release|Any CPU
	EndGlobalSection
	GlobalSection(SolutionProperties) = preSolution
		HideSolutionNode = FALSE
	EndGlobalSection
	GlobalSection(ExtensibilityGlobals) = postSolution
		SolutionGuid = {F7642831-0E88-4E26-9C25-F7168DBC3989}
	EndGlobalSection
EndGlobal
